
Microsoft Visual Studio Solution File, Format Version 12.00
# Visual Studio Version 16
VisualStudioVersion = 16.0.28803.452
MinimumVisualStudioVersion = 10.0.40219.1
Project("{FAE04EC0-301F-11D3-BF4B-00C04F79EFBC}") = "WindowsFormsApp5", "WindowsFormsApp5.csproj", "{F34A7C63-D389-4C47-8408-4DC31223C27F}"
EndProject
Global
	GlobalSection(SolutionConfigurationPlatforms) = preSolution
		Debug|Any CPU = Debug|Any CPU
		Release|Any CPU = Release|Any CPU
	EndGlobalSection
	GlobalSection(ProjectConfigurationPlatforms) = postSolution
		{F34A7C63-D389-4C47-8408-4DC31223C27F}.Debug|Any CPU.ActiveCfg = Debug|Any CPU
		{F34A7C63-D389-4C47-8408-4DC31223C27F}.Debug|Any CPU.Build.0 = Debug|Any CPU
		{F34A7C63-D389-4C47-8408-4DC31223C27F}.Release|Any CPU.ActiveCfg = Release|Any CPU
		{F34A7C63-D389-4C47-8408-4DC31223C27F}.Release|Any CPU.Build.0 = Release|Any CPU
	EndGlobalSection
	GlobalSection(SolutionProperties) = preSolution
		HideSolutionNode = FALSE
	EndGlobalSection
	GlobalSection(ExtensibilityGlobals) = postSolution
		SolutionGuid = {401A2DA2-7C59-4560-B068-DCFE61B19892}
	EndGlobalSection
EndGlobal
